// !$*UTF8*$!
{
	archiveVersion = 1;
	classes = {
	};
	objectVersion = 56;
	objects = {

/* Begin PBXBuildFile section */
		5D207B782A2210B70080011F /* DictionaryAPI in Frameworks */ = {isa = PBXBuildFile; productRef = 5D207B772A2210B70080011F /* DictionaryAPI */; };
		5D207B7B2A2213C80080011F /* CustomTextField.swift in Sources */ = {isa = PBXBuildFile; fileRef = 5D207B7A2A2213C80080011F /* CustomTextField.swift */; };
		5D207B832A221E930080011F /* DetailViewController.xib in Resources */ = {isa = PBXBuildFile; fileRef = 5D207B812A221E930080011F /* DetailViewController.xib */; };
		5D207B922A2237900080011F /* DetailHeaderView.swift in Sources */ = {isa = PBXBuildFile; fileRef = 5D207B912A2237900080011F /* DetailHeaderView.swift */; };
		5D65312A2A20D7DB00C4919F /* DetailViewModel.swift in Sources */ = {isa = PBXBuildFile; fileRef = 5D6531292A20D7DB00C4919F /* DetailViewModel.swift */; };
		5D65312D2A20D8C200C4919F /* RecentSearchModel.xcdatamodeld in Sources */ = {isa = PBXBuildFile; fileRef = 5D65312B2A20D8C200C4919F /* RecentSearchModel.xcdatamodeld */; };
		5D7BE6EA2A20E43300460D95 /* DataPersistenceManager.swift in Sources */ = {isa = PBXBuildFile; fileRef = 5D7BE6E92A20E43300460D95 /* DataPersistenceManager.swift */; };
		5DD089AF2A2084A70058F356 /* AppDelegate.swift in Sources */ = {isa = PBXBuildFile; fileRef = 5DD089AE2A2084A70058F356 /* AppDelegate.swift */; };
		5DD089B82A2084A80058F356 /* Assets.xcassets in Resources */ = {isa = PBXBuildFile; fileRef = 5DD089B72A2084A80058F356 /* Assets.xcassets */; };
		5DD089BB2A2084A80058F356 /* LaunchScreen.storyboard in Resources */ = {isa = PBXBuildFile; fileRef = 5DD089B92A2084A80058F356 /* LaunchScreen.storyboard */; };
		5DD5433E2A2085950087FCA2 /* AlertExtension.swift in Sources */ = {isa = PBXBuildFile; fileRef = 5DD5433D2A2085950087FCA2 /* AlertExtension.swift */; };
		5DD543402A2085B70087FCA2 /* CollectionView+Extension.swift in Sources */ = {isa = PBXBuildFile; fileRef = 5DD5433F2A2085B70087FCA2 /* CollectionView+Extension.swift */; };
		5DD543422A2085CC0087FCA2 /* CollectionViewCell+Extension.swift in Sources */ = {isa = PBXBuildFile; fileRef = 5DD543412A2085CC0087FCA2 /* CollectionViewCell+Extension.swift */; };
		5DD543442A2085E70087FCA2 /* HideKeyboardExtension.swift in Sources */ = {isa = PBXBuildFile; fileRef = 5DD543432A2085E70087FCA2 /* HideKeyboardExtension.swift */; };
		5DD543462A2086000087FCA2 /* UIView+Extension.swift in Sources */ = {isa = PBXBuildFile; fileRef = 5DD543452A2086000087FCA2 /* UIView+Extension.swift */; };
		5DD543482A2086500087FCA2 /* Collection+Extension.swift in Sources */ = {isa = PBXBuildFile; fileRef = 5DD543472A2086500087FCA2 /* Collection+Extension.swift */; };
		5DD5434E2A208D940087FCA2 /* SplashViewController.swift in Sources */ = {isa = PBXBuildFile; fileRef = 5DD5434C2A208D940087FCA2 /* SplashViewController.swift */; };
		5DD5434F2A208D940087FCA2 /* SplashViewController.xib in Resources */ = {isa = PBXBuildFile; fileRef = 5DD5434D2A208D940087FCA2 /* SplashViewController.xib */; };
		5DD543522A20961D0087FCA2 /* NavigationHelper.swift in Sources */ = {isa = PBXBuildFile; fileRef = 5DD543512A20961D0087FCA2 /* NavigationHelper.swift */; };
		5DD543582A20A4700087FCA2 /* HomeViewController.swift in Sources */ = {isa = PBXBuildFile; fileRef = 5DD543562A20A4700087FCA2 /* HomeViewController.swift */; };
		5DD543592A20A4700087FCA2 /* HomeViewController.xib in Resources */ = {isa = PBXBuildFile; fileRef = 5DD543572A20A4700087FCA2 /* HomeViewController.xib */; };
		5DD5435D2A20ACED0087FCA2 /* HomeTableViewCell.swift in Sources */ = {isa = PBXBuildFile; fileRef = 5DD5435B2A20ACED0087FCA2 /* HomeTableViewCell.swift */; };
		5DD5435E2A20ACED0087FCA2 /* HomeTableViewCell.xib in Resources */ = {isa = PBXBuildFile; fileRef = 5DD5435C2A20ACED0087FCA2 /* HomeTableViewCell.xib */; };
		5DD543602A20B0C10087FCA2 /* HomeViewModel.swift in Sources */ = {isa = PBXBuildFile; fileRef = 5DD5435F2A20B0C10087FCA2 /* HomeViewModel.swift */; };
		5DD543702A20C5D70087FCA2 /* Alamofire in Frameworks */ = {isa = PBXBuildFile; productRef = 5DD5436F2A20C5D70087FCA2 /* Alamofire */; };
		5DD543762A20C8630087FCA2 /* DetailViewController.swift in Sources */ = {isa = PBXBuildFile; fileRef = 5DD543742A20C8630087FCA2 /* DetailViewController.swift */; };
/* End PBXBuildFile section */

/* Begin PBXFileReference section */
		5D207B752A220FD10080011F /* DictionaryAPI */ = {isa = PBXFileReference; lastKnownFileType = wrapper; path = DictionaryAPI; sourceTree = "<group>"; };
		5D207B7A2A2213C80080011F /* CustomTextField.swift */ = {isa = PBXFileReference; lastKnownFileType = sourcecode.swift; path = CustomTextField.swift; sourceTree = "<group>"; };
		5D207B812A221E930080011F /* DetailViewController.xib */ = {isa = PBXFileReference; lastKnownFileType = file.xib; path = DetailViewController.xib; sourceTree = "<group>"; };
		5D207B912A2237900080011F /* DetailHeaderView.swift */ = {isa = PBXFileReference; lastKnownFileType = sourcecode.swift; path = DetailHeaderView.swift; sourceTree = "<group>"; };
		5D6531292A20D7DB00C4919F /* DetailViewModel.swift */ = {isa = PBXFileReference; lastKnownFileType = sourcecode.swift; path = DetailViewModel.swift; sourceTree = "<group>"; };
		5D65312C2A20D8C200C4919F /* RecentSearchModel.xcdatamodel */ = {isa = PBXFileReference; lastKnownFileType = wrapper.xcdatamodel; path = RecentSearchModel.xcdatamodel; sourceTree = "<group>"; };
		5D7BE6E92A20E43300460D95 /* DataPersistenceManager.swift */ = {isa = PBXFileReference; lastKnownFileType = sourcecode.swift; path = DataPersistenceManager.swift; sourceTree = "<group>"; };
		5DD089AB2A2084A70058F356 /* Noyan_HW3.app */ = {isa = PBXFileReference; explicitFileType = wrapper.application; includeInIndex = 0; path = Noyan_HW3.app; sourceTree = BUILT_PRODUCTS_DIR; };
		5DD089AE2A2084A70058F356 /* AppDelegate.swift */ = {isa = PBXFileReference; lastKnownFileType = sourcecode.swift; path = AppDelegate.swift; sourceTree = "<group>"; };
		5DD089B72A2084A80058F356 /* Assets.xcassets */ = {isa = PBXFileReference; lastKnownFileType = folder.assetcatalog; path = Assets.xcassets; sourceTree = "<group>"; };
		5DD089BA2A2084A80058F356 /* Base */ = {isa = PBXFileReference; lastKnownFileType = file.storyboard; name = Base; path = Base.lproj/LaunchScreen.storyboard; sourceTree = "<group>"; };
		5DD089BC2A2084A80058F356 /* Info.plist */ = {isa = PBXFileReference; lastKnownFileType = text.plist.xml; path = Info.plist; sourceTree = "<group>"; };
		5DD5433D2A2085950087FCA2 /* AlertExtension.swift */ = {isa = PBXFileReference; lastKnownFileType = sourcecode.swift; path = AlertExtension.swift; sourceTree = "<group>"; };
		5DD5433F2A2085B70087FCA2 /* CollectionView+Extension.swift */ = {isa = PBXFileReference; lastKnownFileType = sourcecode.swift; path = "CollectionView+Extension.swift"; sourceTree = "<group>"; };
		5DD543412A2085CC0087FCA2 /* CollectionViewCell+Extension.swift */ = {isa = PBXFileReference; lastKnownFileType = sourcecode.swift; path = "CollectionViewCell+Extension.swift"; sourceTree = "<group>"; };
		5DD543432A2085E70087FCA2 /* HideKeyboardExtension.swift */ = {isa = PBXFileReference; lastKnownFileType = sourcecode.swift; path = HideKeyboardExtension.swift; sourceTree = "<group>"; };
		5DD543452A2086000087FCA2 /* UIView+Extension.swift */ = {isa = PBXFileReference; lastKnownFileType = sourcecode.swift; path = "UIView+Extension.swift"; sourceTree = "<group>"; };
		5DD543472A2086500087FCA2 /* Collection+Extension.swift */ = {isa = PBXFileReference; lastKnownFileType = sourcecode.swift; path = "Collection+Extension.swift"; sourceTree = "<group>"; };
		5DD5434C2A208D940087FCA2 /* SplashViewController.swift */ = {isa = PBXFileReference; lastKnownFileType = sourcecode.swift; path = SplashViewController.swift; sourceTree = "<group>"; };
		5DD5434D2A208D940087FCA2 /* SplashViewController.xib */ = {isa = PBXFileReference; lastKnownFileType = file.xib; path = SplashViewController.xib; sourceTree = "<group>"; };
		5DD543512A20961D0087FCA2 /* NavigationHelper.swift */ = {isa = PBXFileReference; lastKnownFileType = sourcecode.swift; path = NavigationHelper.swift; sourceTree = "<group>"; };
		5DD543562A20A4700087FCA2 /* HomeViewController.swift */ = {isa = PBXFileReference; lastKnownFileType = sourcecode.swift; path = HomeViewController.swift; sourceTree = "<group>"; };
		5DD543572A20A4700087FCA2 /* HomeViewController.xib */ = {isa = PBXFileReference; lastKnownFileType = file.xib; path = HomeViewController.xib; sourceTree = "<group>"; };
		5DD5435B2A20ACED0087FCA2 /* HomeTableViewCell.swift */ = {isa = PBXFileReference; lastKnownFileType = sourcecode.swift; path = HomeTableViewCell.swift; sourceTree = "<group>"; };
		5DD5435C2A20ACED0087FCA2 /* HomeTableViewCell.xib */ = {isa = PBXFileReference; lastKnownFileType = file.xib; path = HomeTableViewCell.xib; sourceTree = "<group>"; };
		5DD5435F2A20B0C10087FCA2 /* HomeViewModel.swift */ = {isa = PBXFileReference; lastKnownFileType = sourcecode.swift; path = HomeViewModel.swift; sourceTree = "<group>"; };
		5DD543742A20C8630087FCA2 /* DetailViewController.swift */ = {isa = PBXFileReference; lastKnownFileType = sourcecode.swift; path = DetailViewController.swift; sourceTree = "<group>"; };
/* End PBXFileReference section */

/* Begin PBXFrameworksBuildPhase section */
		5DD089A82A2084A70058F356 /* Frameworks */ = {
			isa = PBXFrameworksBuildPhase;
			buildActionMask = 2147483647;
			files = (
				5DD543702A20C5D70087FCA2 /* Alamofire in Frameworks */,
				5D207B782A2210B70080011F /* DictionaryAPI in Frameworks */,
			);
			runOnlyForDeploymentPostprocessing = 0;
		};
/* End PBXFrameworksBuildPhase section */

/* Begin PBXGroup section */
		5D207B762A2210B70080011F /* Frameworks */ = {
			isa = PBXGroup;
			children = (
			);
			name = Frameworks;
			sourceTree = "<group>";
		};
		5D207B792A2213A20080011F /* CustomView */ = {
			isa = PBXGroup;
			children = (
				5D207B7A2A2213C80080011F /* CustomTextField.swift */,
			);
			path = CustomView;
			sourceTree = "<group>";
		};
		5D207B842A221F0B0080011F /* HeaderFooter */ = {
			isa = PBXGroup;
			children = (
				5D207B8D2A221FC80080011F /* Header */,
				5D207B8E2A221FD00080011F /* Footer */,
			);
			path = HeaderFooter;
			sourceTree = "<group>";
		};
		5D207B8D2A221FC80080011F /* Header */ = {
			isa = PBXGroup;
			children = (
				5D207B912A2237900080011F /* DetailHeaderView.swift */,
			);
			path = Header;
			sourceTree = "<group>";
		};
		5D207B8E2A221FD00080011F /* Footer */ = {
			isa = PBXGroup;
			children = (
			);
			path = Footer;
			sourceTree = "<group>";
		};
		5DD089A22A2084A70058F356 = {
			isa = PBXGroup;
			children = (
				5D207B752A220FD10080011F /* DictionaryAPI */,
				5DD089AD2A2084A70058F356 /* Noyan_HW3 */,
				5DD089AC2A2084A70058F356 /* Products */,
				5D207B762A2210B70080011F /* Frameworks */,
			);
			sourceTree = "<group>";
		};
		5DD089AC2A2084A70058F356 /* Products */ = {
			isa = PBXGroup;
			children = (
				5DD089AB2A2084A70058F356 /* Noyan_HW3.app */,
			);
			name = Products;
			sourceTree = "<group>";
		};
		5DD089AD2A2084A70058F356 /* Noyan_HW3 */ = {
			isa = PBXGroup;
			children = (
				5DD5433A2A2085480087FCA2 /* Resources */,
				5DD543392A2085210087FCA2 /* Core */,
				5DD5433C2A20857E0087FCA2 /* Extensions */,
				5DD543502A2096140087FCA2 /* Helper */,
				5DD5433B2A20856C0087FCA2 /* Screens */,
				5DD089BC2A2084A80058F356 /* Info.plist */,
				5D65312B2A20D8C200C4919F /* RecentSearchModel.xcdatamodeld */,
			);
			path = Noyan_HW3;
			sourceTree = "<group>";
		};
		5DD543392A2085210087FCA2 /* Core */ = {
			isa = PBXGroup;
			children = (
				5DD089AE2A2084A70058F356 /* AppDelegate.swift */,
			);
			path = Core;
			sourceTree = "<group>";
		};
		5DD5433A2A2085480087FCA2 /* Resources */ = {
			isa = PBXGroup;
			children = (
				5DD089B72A2084A80058F356 /* Assets.xcassets */,
				5DD089B92A2084A80058F356 /* LaunchScreen.storyboard */,
			);
			path = Resources;
			sourceTree = "<group>";
		};
		5DD5433B2A20856C0087FCA2 /* Screens */ = {
			isa = PBXGroup;
			children = (
				5DD543732A20C8330087FCA2 /* Detail */,
				5DD543532A20A45B0087FCA2 /* Home */,
				5DD543492A208D6D0087FCA2 /* Splash */,
			);
			path = Screens;
			sourceTree = "<group>";
		};
		5DD5433C2A20857E0087FCA2 /* Extensions */ = {
			isa = PBXGroup;
			children = (
				5DD5433D2A2085950087FCA2 /* AlertExtension.swift */,
				5DD543472A2086500087FCA2 /* Collection+Extension.swift */,
				5DD5433F2A2085B70087FCA2 /* CollectionView+Extension.swift */,
				5DD543412A2085CC0087FCA2 /* CollectionViewCell+Extension.swift */,
				5DD543432A2085E70087FCA2 /* HideKeyboardExtension.swift */,
				5DD543452A2086000087FCA2 /* UIView+Extension.swift */,
			);
			path = Extensions;
			sourceTree = "<group>";
		};
		5DD543492A208D6D0087FCA2 /* Splash */ = {
			isa = PBXGroup;
			children = (
				5DD5434A2A208D750087FCA2 /* View */,
			);
			path = Splash;
			sourceTree = "<group>";
		};
		5DD5434A2A208D750087FCA2 /* View */ = {
			isa = PBXGroup;
			children = (
				5DD5434C2A208D940087FCA2 /* SplashViewController.swift */,
				5DD5434D2A208D940087FCA2 /* SplashViewController.xib */,
			);
			path = View;
			sourceTree = "<group>";
		};
		5DD543502A2096140087FCA2 /* Helper */ = {
			isa = PBXGroup;
			children = (
				5DD543512A20961D0087FCA2 /* NavigationHelper.swift */,
				5D7BE6E92A20E43300460D95 /* DataPersistenceManager.swift */,
			);
			path = Helper;
			sourceTree = "<group>";
		};
		5DD543532A20A45B0087FCA2 /* Home */ = {
			isa = PBXGroup;
			children = (
				5DD543542A20A4600087FCA2 /* View */,
				5DD543552A20A4640087FCA2 /* ViewModel */,
			);
			path = Home;
			sourceTree = "<group>";
		};
		5DD543542A20A4600087FCA2 /* View */ = {
			isa = PBXGroup;
			children = (
				5D207B792A2213A20080011F /* CustomView */,
				5DD5435A2A20ACDD0087FCA2 /* Cell */,
				5DD543562A20A4700087FCA2 /* HomeViewController.swift */,
				5DD543572A20A4700087FCA2 /* HomeViewController.xib */,
			);
			path = View;
			sourceTree = "<group>";
		};
		5DD543552A20A4640087FCA2 /* ViewModel */ = {
			isa = PBXGroup;
			children = (
				5DD5435F2A20B0C10087FCA2 /* HomeViewModel.swift */,
			);
			path = ViewModel;
			sourceTree = "<group>";
		};
		5DD5435A2A20ACDD0087FCA2 /* Cell */ = {
			isa = PBXGroup;
			children = (
				5DD5435B2A20ACED0087FCA2 /* HomeTableViewCell.swift */,
				5DD5435C2A20ACED0087FCA2 /* HomeTableViewCell.xib */,
			);
			path = Cell;
			sourceTree = "<group>";
		};
		5DD543732A20C8330087FCA2 /* Detail */ = {
			isa = PBXGroup;
			children = (
				5DD543782A20C8670087FCA2 /* View */,
				5DD543792A20C86C0087FCA2 /* ViewModel */,
			);
			path = Detail;
			sourceTree = "<group>";
		};
		5DD543782A20C8670087FCA2 /* View */ = {
			isa = PBXGroup;
			children = (
				5D207B842A221F0B0080011F /* HeaderFooter */,
				5DD543742A20C8630087FCA2 /* DetailViewController.swift */,
				5D207B812A221E930080011F /* DetailViewController.xib */,
			);
			path = View;
			sourceTree = "<group>";
		};
		5DD543792A20C86C0087FCA2 /* ViewModel */ = {
			isa = PBXGroup;
			children = (
				5D6531292A20D7DB00C4919F /* DetailViewModel.swift */,
			);
			path = ViewModel;
			sourceTree = "<group>";
		};
/* End PBXGroup section */

/* Begin PBXNativeTarget section */
		5DD089AA2A2084A70058F356 /* Noyan_HW3 */ = {
			isa = PBXNativeTarget;
			buildConfigurationList = 5DD089BF2A2084A80058F356 /* Build configuration list for PBXNativeTarget "Noyan_HW3" */;
			buildPhases = (
				5DD089A72A2084A70058F356 /* Sources */,
				5DD089A82A2084A70058F356 /* Frameworks */,
				5DD089A92A2084A70058F356 /* Resources */,
			);
			buildRules = (
			);
			dependencies = (
			);
			name = Noyan_HW3;
			packageProductDependencies = (
				5DD5436F2A20C5D70087FCA2 /* Alamofire */,
				5D207B772A2210B70080011F /* DictionaryAPI */,
			);
			productName = Noyan_HW3;
			productReference = 5DD089AB2A2084A70058F356 /* Noyan_HW3.app */;
			productType = "com.apple.product-type.application";
		};
/* End PBXNativeTarget section */

/* Begin PBXProject section */
		5DD089A32A2084A70058F356 /* Project object */ = {
			isa = PBXProject;
			attributes = {
				BuildIndependentTargetsInParallel = 1;
				LastSwiftUpdateCheck = 1430;
				LastUpgradeCheck = 1430;
				TargetAttributes = {
					5DD089AA2A2084A70058F356 = {
						CreatedOnToolsVersion = 14.3;
					};
				};
			};
			buildConfigurationList = 5DD089A62A2084A70058F356 /* Build configuration list for PBXProject "Noyan_HW3" */;
			compatibilityVersion = "Xcode 14.0";
			developmentRegion = en;
			hasScannedForEncodings = 0;
			knownRegions = (
				en,
				Base,
			);
			mainGroup = 5DD089A22A2084A70058F356;
			packageReferences = (
				5DD5436E2A20C5D70087FCA2 /* XCRemoteSwiftPackageReference "Alamofire" */,
			);
			productRefGroup = 5DD089AC2A2084A70058F356 /* Products */;
			projectDirPath = "";
			projectRoot = "";
			targets = (
				5DD089AA2A2084A70058F356 /* Noyan_HW3 */,
			);
		};
/* End PBXProject section */

/* Begin PBXResourcesBuildPhase section */
		5DD089A92A2084A70058F356 /* Resources */ = {
			isa = PBXResourcesBuildPhase;
			buildActionMask = 2147483647;
			files = (
				5DD089BB2A2084A80058F356 /* LaunchScreen.storyboard in Resources */,
				5DD5435E2A20ACED0087FCA2 /* HomeTableViewCell.xib in Resources */,
				5DD089B82A2084A80058F356 /* Assets.xcassets in Resources */,
				5DD5434F2A208D940087FCA2 /* SplashViewController.xib in Resources */,
				5DD543592A20A4700087FCA2 /* HomeViewController.xib in Resources */,
				5D207B832A221E930080011F /* DetailViewController.xib in Resources */,
			);
			runOnlyForDeploymentPostprocessing = 0;
		};
/* End PBXResourcesBuildPhase section */

/* Begin PBXSourcesBuildPhase section */
		5DD089A72A2084A70058F356 /* Sources */ = {
			isa = PBXSourcesBuildPhase;
			buildActionMask = 2147483647;
			files = (
				5DD543422A2085CC0087FCA2 /* CollectionViewCell+Extension.swift in Sources */,
				5DD543762A20C8630087FCA2 /* DetailViewController.swift in Sources */,
				5DD5433E2A2085950087FCA2 /* AlertExtension.swift in Sources */,
				5D65312D2A20D8C200C4919F /* RecentSearchModel.xcdatamodeld in Sources */,
				5DD543462A2086000087FCA2 /* UIView+Extension.swift in Sources */,
				5DD5434E2A208D940087FCA2 /* SplashViewController.swift in Sources */,
				5DD543442A2085E70087FCA2 /* HideKeyboardExtension.swift in Sources */,
				5D7BE6EA2A20E43300460D95 /* DataPersistenceManager.swift in Sources */,
				5D207B922A2237900080011F /* DetailHeaderView.swift in Sources */,
				5D207B7B2A2213C80080011F /* CustomTextField.swift in Sources */,
				5DD543582A20A4700087FCA2 /* HomeViewController.swift in Sources */,
				5DD5435D2A20ACED0087FCA2 /* HomeTableViewCell.swift in Sources */,
				5DD543602A20B0C10087FCA2 /* HomeViewModel.swift in Sources */,
				5DD089AF2A2084A70058F356 /* AppDelegate.swift in Sources */,
				5D65312A2A20D7DB00C4919F /* DetailViewModel.swift in Sources */,
				5DD543402A2085B70087FCA2 /* CollectionView+Extension.swift in Sources */,
				5DD543482A2086500087FCA2 /* Collection+Extension.swift in Sources */,
				5DD543522A20961D0087FCA2 /* NavigationHelper.swift in Sources */,
			);
			runOnlyForDeploymentPostprocessing = 0;
		};
/* End PBXSourcesBuildPhase section */

/* Begin PBXVariantGroup section */
		5DD089B92A2084A80058F356 /* LaunchScreen.storyboard */ = {
			isa = PBXVariantGroup;
			children = (
				5DD089BA2A2084A80058F356 /* Base */,
			);
			name = LaunchScreen.storyboard;
			sourceTree = "<group>";
		};
/* End PBXVariantGroup section */

/* Begin XCBuildConfiguration section */
		5DD089BD2A2084A80058F356 /* Debug */ = {
			isa = XCBuildConfiguration;
			buildSettings = {
				ALWAYS_SEARCH_USER_PATHS = NO;
				CLANG_ANALYZER_NONNULL = YES;
				CLANG_ANALYZER_NUMBER_OBJECT_CONVERSION = YES_AGGRESSIVE;
				CLANG_CXX_LANGUAGE_STANDARD = "gnu++20";
				CLANG_ENABLE_MODULES = YES;
				CLANG_ENABLE_OBJC_ARC = YES;
				CLANG_ENABLE_OBJC_WEAK = YES;
				CLANG_WARN_BLOCK_CAPTURE_AUTORELEASING = YES;
				CLANG_WARN_BOOL_CONVERSION = YES;
				CLANG_WARN_COMMA = YES;
				CLANG_WARN_CONSTANT_CONVERSION = YES;
				CLANG_WARN_DEPRECATED_OBJC_IMPLEMENTATIONS = YES;
				CLANG_WARN_DIRECT_OBJC_ISA_USAGE = YES_ERROR;
				CLANG_WARN_DOCUMENTATION_COMMENTS = YES;
				CLANG_WARN_EMPTY_BODY = YES;
				CLANG_WARN_ENUM_CONVERSION = YES;
				CLANG_WARN_INFINITE_RECURSION = YES;
				CLANG_WARN_INT_CONVERSION = YES;
				CLANG_WARN_NON_LITERAL_NULL_CONVERSION = YES;
				CLANG_WARN_OBJC_IMPLICIT_RETAIN_SELF = YES;
				CLANG_WARN_OBJC_LITERAL_CONVERSION = YES;
				CLANG_WARN_OBJC_ROOT_CLASS = YES_ERROR;
				CLANG_WARN_QUOTED_INCLUDE_IN_FRAMEWORK_HEADER = YES;
				CLANG_WARN_RANGE_LOOP_ANALYSIS = YES;
				CLANG_WARN_STRICT_PROTOTYPES = YES;
				CLANG_WARN_SUSPICIOUS_MOVE = YES;
				CLANG_WARN_UNGUARDED_AVAILABILITY = YES_AGGRESSIVE;
				CLANG_WARN_UNREACHABLE_CODE = YES;
				CLANG_WARN__DUPLICATE_METHOD_MATCH = YES;
				COPY_PHASE_STRIP = NO;
				DEBUG_INFORMATION_FORMAT = dwarf;
				ENABLE_STRICT_OBJC_MSGSEND = YES;
				ENABLE_TESTABILITY = YES;
				GCC_C_LANGUAGE_STANDARD = gnu11;
				GCC_DYNAMIC_NO_PIC = NO;
				GCC_NO_COMMON_BLOCKS = YES;
				GCC_OPTIMIZATION_LEVEL = 0;
				GCC_PREPROCESSOR_DEFINITIONS = (
					"DEBUG=1",
					"$(inherited)",
				);
				GCC_WARN_64_TO_32_BIT_CONVERSION = YES;
				GCC_WARN_ABOUT_RETURN_TYPE = YES_ERROR;
				GCC_WARN_UNDECLARED_SELECTOR = YES;
				GCC_WARN_UNINITIALIZED_AUTOS = YES_AGGRESSIVE;
				GCC_WARN_UNUSED_FUNCTION = YES;
				GCC_WARN_UNUSED_VARIABLE = YES;
				IPHONEOS_DEPLOYMENT_TARGET = 16.4;
				MTL_ENABLE_DEBUG_INFO = INCLUDE_SOURCE;
				MTL_FAST_MATH = YES;
				ONLY_ACTIVE_ARCH = YES;
				SDKROOT = iphoneos;
				SWIFT_ACTIVE_COMPILATION_CONDITIONS = DEBUG;
				SWIFT_OPTIMIZATION_LEVEL = "-Onone";
			};
			name = Debug;
		};
		5DD089BE2A2084A80058F356 /* Release */ = {
			isa = XCBuildConfiguration;
			buildSettings = {
				ALWAYS_SEARCH_USER_PATHS = NO;
				CLANG_ANALYZER_NONNULL = YES;
				CLANG_ANALYZER_NUMBER_OBJECT_CONVERSION = YES_AGGRESSIVE;
				CLANG_CXX_LANGUAGE_STANDARD = "gnu++20";
				CLANG_ENABLE_MODULES = YES;
				CLANG_ENABLE_OBJC_ARC = YES;
				CLANG_ENABLE_OBJC_WEAK = YES;
				CLANG_WARN_BLOCK_CAPTURE_AUTORELEASING = YES;
				CLANG_WARN_BOOL_CONVERSION = YES;
				CLANG_WARN_COMMA = YES;
				CLANG_WARN_CONSTANT_CONVERSION = YES;
				CLANG_WARN_DEPRECATED_OBJC_IMPLEMENTATIONS = YES;
				CLANG_WARN_DIRECT_OBJC_ISA_USAGE = YES_ERROR;
				CLANG_WARN_DOCUMENTATION_COMMENTS = YES;
				CLANG_WARN_EMPTY_BODY = YES;
				CLANG_WARN_ENUM_CONVERSION = YES;
				CLANG_WARN_INFINITE_RECURSION = YES;
				CLANG_WARN_INT_CONVERSION = YES;
				CLANG_WARN_NON_LITERAL_NULL_CONVERSION = YES;
				CLANG_WARN_OBJC_IMPLICIT_RETAIN_SELF = YES;
				CLANG_WARN_OBJC_LITERAL_CONVERSION = YES;
				CLANG_WARN_OBJC_ROOT_CLASS = YES_ERROR;
				CLANG_WARN_QUOTED_INCLUDE_IN_FRAMEWORK_HEADER = YES;
				CLANG_WARN_RANGE_LOOP_ANALYSIS = YES;
				CLANG_WARN_STRICT_PROTOTYPES = YES;
				CLANG_WARN_SUSPICIOUS_MOVE = YES;
				CLANG_WARN_UNGUARDED_AVAILABILITY = YES_AGGRESSIVE;
				CLANG_WARN_UNREACHABLE_CODE = YES;
				CLANG_WARN__DUPLICATE_METHOD_MATCH = YES;
				COPY_PHASE_STRIP = NO;
				DEBUG_INFORMATION_FORMAT = "dwarf-with-dsym";
				ENABLE_NS_ASSERTIONS = NO;
				ENABLE_STRICT_OBJC_MSGSEND = YES;
				GCC_C_LANGUAGE_STANDARD = gnu11;
				GCC_NO_COMMON_BLOCKS = YES;
				GCC_WARN_64_TO_32_BIT_CONVERSION = YES;
				GCC_WARN_ABOUT_RETURN_TYPE = YES_ERROR;
				GCC_WARN_UNDECLARED_SELECTOR = YES;
				GCC_WARN_UNINITIALIZED_AUTOS = YES_AGGRESSIVE;
				GCC_WARN_UNUSED_FUNCTION = YES;
				GCC_WARN_UNUSED_VARIABLE = YES;
				IPHONEOS_DEPLOYMENT_TARGET = 16.4;
				MTL_ENABLE_DEBUG_INFO = NO;
				MTL_FAST_MATH = YES;
				SDKROOT = iphoneos;
				SWIFT_COMPILATION_MODE = wholemodule;
				SWIFT_OPTIMIZATION_LEVEL = "-O";
				VALIDATE_PRODUCT = YES;
			};
			name = Release;
		};
		5DD089C02A2084A80058F356 /* Debug */ = {
			isa = XCBuildConfiguration;
			buildSettings = {
				ASSETCATALOG_COMPILER_APPICON_NAME = AppIcon;
				ASSETCATALOG_COMPILER_GLOBAL_ACCENT_COLOR_NAME = AccentColor;
				CODE_SIGN_STYLE = Automatic;
				CURRENT_PROJECT_VERSION = 1;
				DEVELOPMENT_TEAM = 98S838N7Z3;
				GENERATE_INFOPLIST_FILE = YES;
				INFOPLIST_FILE = Noyan_HW3/Info.plist;
				INFOPLIST_KEY_UIApplicationSupportsIndirectInputEvents = YES;
				INFOPLIST_KEY_UILaunchStoryboardName = LaunchScreen;
				INFOPLIST_KEY_UISupportedInterfaceOrientations_iPad = "UIInterfaceOrientationPortrait UIInterfaceOrientationPortraitUpsideDown UIInterfaceOrientationLandscapeLeft UIInterfaceOrientationLandscapeRight";
				INFOPLIST_KEY_UISupportedInterfaceOrientations_iPhone = "UIInterfaceOrientationPortrait UIInterfaceOrientationLandscapeLeft UIInterfaceOrientationLandscapeRight";
				LD_RUNPATH_SEARCH_PATHS = (
					"$(inherited)",
					"@executable_path/Frameworks",
				);
				MARKETING_VERSION = 1.0;
				PRODUCT_BUNDLE_IDENTIFIER = "com.noyancepikkurt.Noyan-HW3";
				PRODUCT_NAME = "$(TARGET_NAME)";
				SWIFT_EMIT_LOC_STRINGS = YES;
				SWIFT_VERSION = 5.0;
				TARGETED_DEVICE_FAMILY = "1,2";
			};
			name = Debug;
		};
		5DD089C12A2084A80058F356 /* Release */ = {
			isa = XCBuildConfiguration;
			buildSettings = {
				ASSETCATALOG_COMPILER_APPICON_NAME = AppIcon;
				ASSETCATALOG_COMPILER_GLOBAL_ACCENT_COLOR_NAME = AccentColor;
				CODE_SIGN_STYLE = Automatic;
				CURRENT_PROJECT_VERSION = 1;
				DEVELOPMENT_TEAM = 98S838N7Z3;
				GENERATE_INFOPLIST_FILE = YES;
				INFOPLIST_FILE = Noyan_HW3/Info.plist;
				INFOPLIST_KEY_UIApplicationSupportsIndirectInputEvents = YES;
				INFOPLIST_KEY_UILaunchStoryboardName = LaunchScreen;
				INFOPLIST_KEY_UISupportedInterfaceOrientations_iPad = "UIInterfaceOrientationPortrait UIInterfaceOrientationPortraitUpsideDown UIInterfaceOrientationLandscapeLeft UIInterfaceOrientationLandscapeRight";
				INFOPLIST_KEY_UISupportedInterfaceOrientations_iPhone = "UIInterfaceOrientationPortrait UIInterfaceOrientationLandscapeLeft UIInterfaceOrientationLandscapeRight";
				LD_RUNPATH_SEARCH_PATHS = (
					"$(inherited)",
					"@executable_path/Frameworks",
				);
				MARKETING_VERSION = 1.0;
				PRODUCT_BUNDLE_IDENTIFIER = "com.noyancepikkurt.Noyan-HW3";
				PRODUCT_NAME = "$(TARGET_NAME)";
				SWIFT_EMIT_LOC_STRINGS = YES;
				SWIFT_VERSION = 5.0;
				TARGETED_DEVICE_FAMILY = "1,2";
			};
			name = Release;
		};
/* End XCBuildConfiguration section */

/* Begin XCConfigurationList section */
		5DD089A62A2084A70058F356 /* Build configuration list for PBXProject "Noyan_HW3" */ = {
			isa = XCConfigurationList;
			buildConfigurations = (
				5DD089BD2A2084A80058F356 /* Debug */,
				5DD089BE2A2084A80058F356 /* Release */,
			);
			defaultConfigurationIsVisible = 0;
			defaultConfigurationName = Release;
		};
		5DD089BF2A2084A80058F356 /* Build configuration list for PBXNativeTarget "Noyan_HW3" */ = {
			isa = XCConfigurationList;
			buildConfigurations = (
				5DD089C02A2084A80058F356 /* Debug */,
				5DD089C12A2084A80058F356 /* Release */,
			);
			defaultConfigurationIsVisible = 0;
			defaultConfigurationName = Release;
		};
/* End XCConfigurationList section */

/* Begin XCRemoteSwiftPackageReference section */
		5DD5436E2A20C5D70087FCA2 /* XCRemoteSwiftPackageReference "Alamofire" */ = {
			isa = XCRemoteSwiftPackageReference;
			repositoryURL = "https://github.com/Alamofire/Alamofire.git";
			requirement = {
				kind = upToNextMajorVersion;
				minimumVersion = 5.0.0;
			};
		};
/* End XCRemoteSwiftPackageReference section */

/* Begin XCSwiftPackageProductDependency section */
		5D207B772A2210B70080011F /* DictionaryAPI */ = {
			isa = XCSwiftPackageProductDependency;
			productName = DictionaryAPI;
		};
		5DD5436F2A20C5D70087FCA2 /* Alamofire */ = {
			isa = XCSwiftPackageProductDependency;
			package = 5DD5436E2A20C5D70087FCA2 /* XCRemoteSwiftPackageReference "Alamofire" */;
			productName = Alamofire;
		};
/* End XCSwiftPackageProductDependency section */

/* Begin XCVersionGroup section */
		5D65312B2A20D8C200C4919F /* RecentSearchModel.xcdatamodeld */ = {
			isa = XCVersionGroup;
			children = (
				5D65312C2A20D8C200C4919F /* RecentSearchModel.xcdatamodel */,
			);
			currentVersion = 5D65312C2A20D8C200C4919F /* RecentSearchModel.xcdatamodel */;
			path = RecentSearchModel.xcdatamodeld;
			sourceTree = "<group>";
			versionGroupType = wrapper.xcdatamodel;
		};
/* End XCVersionGroup section */
	};
	rootObject = 5DD089A32A2084A70058F356 /* Project object */;
}
